
Microsoft Visual Studio Solution File, Format Version 12.00
Project("{FAE04EC0-301F-11D3-BF4B-00C04F79EFBC}") = "IntervalChallenge", "IntervalChallenge\IntervalChallenge.csproj", "{DC428D99-2B2D-409C-95A6-A2AE5C0D34CC}"
EndProject
Global
	GlobalSection(SolutionConfigurationPlatforms) = preSolution
		Debug|Any CPU = Debug|Any CPU
		Release|Any CPU = Release|Any CPU
	EndGlobalSection
	GlobalSection(ProjectConfigurationPlatforms) = postSolution
		{DC428D99-2B2D-409C-95A6-A2AE5C0D34CC}.Debug|Any CPU.ActiveCfg = Debug|Any CPU
		{DC428D99-2B2D-409C-95A6-A2AE5C0D34CC}.Debug|Any CPU.Build.0 = Debug|Any CPU
		{DC428D99-2B2D-409C-95A6-A2AE5C0D34CC}.Release|Any CPU.ActiveCfg = Release|Any CPU
		{DC428D99-2B2D-409C-95A6-A2AE5C0D34CC}.Release|Any CPU.Build.0 = Release|Any CPU
	EndGlobalSection
EndGlobal
